PODS:
  - SDWebImage (3.8.2):
    - SDWebImage/Core (= 3.8.2)
  - SDWebImage/Core (3.8.2)
  - SnapKit (3.1.2)

DEPENDENCIES:
  - SDWebImage (~> 3.8.2)
  - SnapKit (~> 3.1.2)

SPEC CHECKSUMS:
  SDWebImage: 098e97e6176540799c27e804c96653ee0833d13c
  SnapKit: 12b24f569cb7c143acc9c22b9d91b23e7b1c84a2

PODFILE CHECKSUM: dc23f19536b5a0da1ed086c4978df011126db886

COCOAPODS: 1.1.1
